<?xml version="1.0" encoding="utf-8"?>
<Project ToolsVersion="4.0" xmlns="http://schemas.microsoft.com/developer/msbuild/2003">
  <ItemGroup>
    <Filter Include="Source Files">
      <UniqueIdentifier>{4FC737F1-C7A5-4376-A066-2A32D752A2FF}</UniqueIdentifier>
      <Extensions>cpp;c;cc;cxx;c++;cppm;ixx;def;odl;idl;hpj;bat;asm;asmx</Extensions>
    </Filter>
    <Filter Include="Header Files">
      <UniqueIdentifier>{93995380-89BD-4b04-88EB-625FBE52EBFB}</UniqueIdentifier>
      <Extensions>h;hh;hpp;hxx;h++;hm;inl;inc;ipp;xsd</Extensions>
    </Filter>
    <Filter Include="Resource Files">
      <UniqueIdentifier>{67DA6AB6-F800-4c08-8B7A-83BB121AAD01}</UniqueIdentifier>
      <Extensions>rc;ico;cur;bmp;dlg;rc2;rct;bin;rgs;gif;jpg;jpeg;jpe;resx;tiff;tif;png;wav;mfcribbon-ms</Extensions>
    </Filter>
    <Filter Include="Header Files\Characters">
      <UniqueIdentifier>{5d7c2674-afd3-4499-aa20-3de799a98652}</UniqueIdentifier>
    </Filter>
    <Filter Include="Header Files\Game">
      <UniqueIdentifier>{70c21803-d0ae-4f1e-ae9a-742b8231ad17}</UniqueIdentifier>
    </Filter>
    <Filter Include="Header Files\Level Assets">
      <UniqueIdentifier>{628437b7-3d24-4318-aada-c1efcb45b1fe}</UniqueIdentifier>
    </Filter>
    <Filter Include="Header Files\Constants">
      <UniqueIdentifier>{7d0277ec-07fd-4d31-acee-e6e4c581b6dd}</UniqueIdentifier>
    </Filter>
    <Filter Include="Source Files\Characters">
      <UniqueIdentifier>{d77256cf-5ec1-4739-8fe3-47bb7edb1a3c}</UniqueIdentifier>
    </Filter>
    <Filter Include="Source Files\Game">
      <UniqueIdentifier>{945fb252-aca8-4f7c-835a-2ae690128467}</UniqueIdentifier>
    </Filter>
    <Filter Include="Source Files\Level Assets">
      <UniqueIdentifier>{7bef71c9-80bc-4b09-aca1-ea6628c35665}</UniqueIdentifier>
    </Filter>
    <Filter Include="Source Files\Screen">
      <UniqueIdentifier>{d392889f-eda7-413f-ba8d-930eb5ecb8e2}</UniqueIdentifier>
    </Filter>
    <Filter Include="Header Files\Screen">
      <UniqueIdentifier>{9b33966a-2801-42f6-989a-7298184c8344}</UniqueIdentifier>
    </Filter>
  </ItemGroup>
  <ItemGroup>
    <ClCompile Include="main.cpp">
      <Filter>Source Files</Filter>
    </ClCompile>
    <ClCompile Include="Character.cpp">
      <Filter>Source Files\Characters</Filter>
    </ClCompile>
    <ClCompile Include="Luigi.cpp">
      <Filter>Source Files\Characters</Filter>
    </ClCompile>
    <ClCompile Include="Mario.cpp">
      <Filter>Source Files\Characters</Filter>
    </ClCompile>
    <ClCompile Include="Collisions.cpp">
      <Filter>Source Files\Game</Filter>
    </ClCompile>
    <ClCompile Include="game.cpp">
      <Filter>Source Files\Game</Filter>
    </ClCompile>
    <ClCompile Include="LevelMap.cpp">
      <Filter>Source Files\Game</Filter>
    </ClCompile>
    <ClCompile Include="Texture2D.cpp">
      <Filter>Source Files\Game</Filter>
    </ClCompile>
    <ClCompile Include="Brick.cpp">
      <Filter>Source Files\Level Assets</Filter>
    </ClCompile>
    <ClCompile Include="PowBlock.cpp">
      <Filter>Source Files\Level Assets</Filter>
    </ClCompile>
    <ClCompile Include="Koopa.cpp">
      <Filter>Source Files\Characters</Filter>
    </ClCompile>
    <ClCompile Include="Coin.cpp">
      <Filter>Source Files\Characters</Filter>
    </ClCompile>
    <ClCompile Include="Enemy.cpp">
      <Filter>Source Files\Characters</Filter>
    </ClCompile>
    <ClCompile Include="FighterFly.cpp">
      <Filter>Source Files\Characters</Filter>
    </ClCompile>
    <ClCompile Include="Player.cpp">
      <Filter>Source Files\Characters</Filter>
    </ClCompile>
    <ClCompile Include="SoundEffect.cpp">
      <Filter>Source Files\Game</Filter>
    </ClCompile>
    <ClCompile Include="TextRenderer.cpp">
      <Filter>Source Files\Game</Filter>
    </ClCompile>
    <ClCompile Include="ScoreSystem.cpp">
      <Filter>Source Files\Game</Filter>
    </ClCompile>
    <ClCompile Include="ScreenManager.cpp">
      <Filter>Source Files\Screen</Filter>
    </ClCompile>
    <ClCompile Include="Screen.cpp">
      <Filter>Source Files\Screen</Filter>
    </ClCompile>
    <ClCompile Include="GameScreenLevel1.cpp">
      <Filter>Source Files\Screen</Filter>
    </ClCompile>
    <ClCompile Include="MainMenuScreen.cpp">
      <Filter>Source Files\Screen</Filter>
    </ClCompile>
    <ClCompile Include="ScoreScreen.cpp">
      <Filter>Source Files</Filter>
    </ClCompile>
  </ItemGroup>
  <ItemGroup>
    <None Include="SDL2\DLL\libFLAC-8.dll">
      <Filter>Resource Files</Filter>
    </None>
    <None Include="SDL2\DLL\libjpeg-9.dll">
      <Filter>Resource Files</Filter>
    </None>
    <None Include="SDL2\DLL\libmodplug-1.dll">
      <Filter>Resource Files</Filter>
    </None>
    <None Include="SDL2\DLL\libmpg123-0.dll">
      <Filter>Resource Files</Filter>
    </None>
    <None Include="SDL2\DLL\libogg-0.dll">
      <Filter>Resource Files</Filter>
    </None>
    <None Include="SDL2\DLL\libopus-0.dll">
      <Filter>Resource Files</Filter>
    </None>
    <None Include="SDL2\DLL\libopusfile-0.dll">
      <Filter>Resource Files</Filter>
    </None>
    <None Include="SDL2\DLL\libpng16-16.dll">
      <Filter>Resource Files</Filter>
    </None>
    <None Include="SDL2\DLL\libtiff-5.dll">
      <Filter>Resource Files</Filter>
    </None>
    <None Include="SDL2\DLL\libvorbis-0.dll">
      <Filter>Resource Files</Filter>
    </None>
    <None Include="SDL2\DLL\libvorbisfile-3.dll">
      <Filter>Resource Files</Filter>
    </None>
    <None Include="SDL2\DLL\libwebp-7.dll">
      <Filter>Resource Files</Filter>
    </None>
    <None Include="SDL2\DLL\SDL2.dll">
      <Filter>Resource Files</Filter>
    </None>
    <None Include="SDL2\DLL\SDL2_image.dll">
      <Filter>Resource Files</Filter>
    </None>
    <None Include="SDL2\DLL\SDL2_mixer.dll">
      <Filter>Resource Files</Filter>
    </None>
    <None Include="SDL2\DLL\zlib1.dll">
      <Filter>Resource Files</Filter>
    </None>
  </ItemGroup>
  <ItemGroup>
    <ClInclude Include="Character.h">
      <Filter>Header Files\Characters</Filter>
    </ClInclude>
    <ClInclude Include="Mario.h">
      <Filter>Header Files\Characters</Filter>
    </ClInclude>
    <ClInclude Include="Luigi.h">
      <Filter>Header Files\Characters</Filter>
    </ClInclude>
    <ClInclude Include="game.h">
      <Filter>Header Files\Game</Filter>
    </ClInclude>
    <ClInclude Include="LevelMap.h">
      <Filter>Header Files\Game</Filter>
    </ClInclude>
    <ClInclude Include="Collisions.h">
      <Filter>Header Files\Game</Filter>
    </ClInclude>
    <ClInclude Include="Brick.h">
      <Filter>Header Files\Level Assets</Filter>
    </ClInclude>
    <ClInclude Include="PowBlock.h">
      <Filter>Header Files\Level Assets</Filter>
    </ClInclude>
    <ClInclude Include="Texture2D.h">
      <Filter>Header Files\Game</Filter>
    </ClInclude>
    <ClInclude Include="Commons.h">
      <Filter>Header Files\Constants</Filter>
    </ClInclude>
    <ClInclude Include="Constants.h">
      <Filter>Header Files\Constants</Filter>
    </ClInclude>
    <ClInclude Include="Koopa.h">
      <Filter>Header Files\Characters</Filter>
    </ClInclude>
    <ClInclude Include="Coin.h">
      <Filter>Header Files\Characters</Filter>
    </ClInclude>
    <ClInclude Include="FighterFly.h">
      <Filter>Header Files\Characters</Filter>
    </ClInclude>
    <ClInclude Include="Enemy.h">
      <Filter>Header Files\Characters</Filter>
    </ClInclude>
    <ClInclude Include="Player.h">
      <Filter>Header Files\Characters</Filter>
    </ClInclude>
    <ClInclude Include="SoundEffect.h">
      <Filter>Header Files\Game</Filter>
    </ClInclude>
    <ClInclude Include="MainMenuScreen.h">
      <Filter>Header Files\Screen</Filter>
    </ClInclude>
    <ClInclude Include="ScoreSystem.h">
      <Filter>Header Files\Game</Filter>
    </ClInclude>
    <ClInclude Include="TextRenderer.h">
      <Filter>Header Files\Game</Filter>
    </ClInclude>
    <ClInclude Include="GameScreenLevel1.h">
      <Filter>Header Files\Screen</Filter>
    </ClInclude>
    <ClInclude Include="Screen.h">
      <Filter>Header Files\Screen</Filter>
    </ClInclude>
    <ClInclude Include="ScreenManager.h">
      <Filter>Header Files\Screen</Filter>
    </ClInclude>
    <ClInclude Include="ScoreScreen.h">
      <Filter>Header Files</Filter>
    </ClInclude>
  </ItemGroup>
  <ItemGroup>
    <ResourceCompile Include="MarioBaseProject.rc">
      <Filter>Resource Files</Filter>
    </ResourceCompile>
  </ItemGroup>
</Project>